{
  "name": "netlify-functions",
  "version": "1.0.0",
  "lockfileVersion": 3,
  "requires": true,
  "packages": {
    "": {
      "name": "netlify-functions",
      "version": "1.0.0",
      "license": "ISC",
      "dependencies": {
        "coordinate_to_country": "^1.1.0"
      }
    },
    "node_modules/@osm_borders/maritime_10m": {
      "version": "1.1.0",
      "resolved": "https://registry.npmjs.org/@osm_borders/maritime_10m/-/maritime_10m-1.1.0.tgz",
      "integrity": "sha512-Mln0gqbYzjqNX7iGtEt3np16nfGwjwADTuUg7J5LQTqlqUBDxsWaxQmsKtkJCumvc/pl7QZu8lvEs41JMs+zbQ=="
    },
    "node_modules/@turf/bbox": {
      "version": "6.5.0",
      "resolved": "https://registry.npmjs.org/@turf/bbox/-/bbox-6.5.0.tgz",
      "integrity": "sha512-RBbLaao5hXTYyyg577iuMtDB8ehxMlUqHEJiMs8jT1GHkFhr6sYre3lmLsPeYEi/ZKj5TP5tt7fkzNdJ4GIVyw==",
      "dependencies": {
        "@turf/helpers": "^6.5.0",
        "@turf/meta": "^6.5.0"
      },
      "funding": {
        "url": "https://opencollective.com/turf"
      }
    },
    "node_modules/@turf/boolean-contains": {
      "version": "6.5.0",
      "resolved": "https://registry.npmjs.org/@turf/boolean-contains/-/boolean-contains-6.5.0.tgz",
      "integrity": "sha512-4m8cJpbw+YQcKVGi8y0cHhBUnYT+QRfx6wzM4GI1IdtYH3p4oh/DOBJKrepQyiDzFDaNIjxuWXBh0ai1zVwOQQ==",
      "dependencies": {
        "@turf/bbox": "^6.5.0",
        "@turf/boolean-point-in-polygon": "^6.5.0",
        "@turf/boolean-point-on-line": "^6.5.0",
        "@turf/helpers": "^6.5.0",
        "@turf/invariant": "^6.5.0"
      },
      "funding": {
        "url": "https://opencollective.com/turf"
      }
    },
    "node_modules/@turf/boolean-point-in-polygon": {
      "version": "6.5.0",
      "resolved": "https://registry.npmjs.org/@turf/boolean-point-in-polygon/-/boolean-point-in-polygon-6.5.0.tgz",
      "integrity": "sha512-DtSuVFB26SI+hj0SjrvXowGTUCHlgevPAIsukssW6BG5MlNSBQAo70wpICBNJL6RjukXg8d2eXaAWuD/CqL00A==",
      "dependencies": {
        "@turf/helpers": "^6.5.0",
        "@turf/invariant": "^6.5.0"
      },
      "funding": {
        "url": "https://opencollective.com/turf"
      }
    },
    "node_modules/@turf/boolean-point-on-line": {
      "version": "6.5.0",
      "resolved": "https://registry.npmjs.org/@turf/boolean-point-on-line/-/boolean-point-on-line-6.5.0.tgz",
      "integrity": "sha512-A1BbuQ0LceLHvq7F/P7w3QvfpmZqbmViIUPHdNLvZimFNLo4e6IQunmzbe+8aSStH9QRZm3VOflyvNeXvvpZEQ==",
      "dependencies": {
        "@turf/helpers": "^6.5.0",
        "@turf/invariant": "^6.5.0"
      },
      "funding": {
        "url": "https://opencollective.com/turf"
      }
    },
    "node_modules/@turf/helpers": {
      "version": "6.5.0",
      "resolved": "https://registry.npmjs.org/@turf/helpers/-/helpers-6.5.0.tgz",
      "integrity": "sha512-VbI1dV5bLFzohYYdgqwikdMVpe7pJ9X3E+dlr425wa2/sMJqYDhTO++ec38/pcPvPE6oD9WEEeU3Xu3gza+VPw==",
      "funding": {
        "url": "https://opencollective.com/turf"
      }
    },
    "node_modules/@turf/invariant": {
      "version": "6.5.0",
      "resolved": "https://registry.npmjs.org/@turf/invariant/-/invariant-6.5.0.tgz",
      "integrity": "sha512-Wv8PRNCtPD31UVbdJE/KVAWKe7l6US+lJItRR/HOEW3eh+U/JwRCSUl/KZ7bmjM/C+zLNoreM2TU6OoLACs4eg==",
      "dependencies": {
        "@turf/helpers": "^6.5.0"
      },
      "funding": {
        "url": "https://opencollective.com/turf"
      }
    },
    "node_modules/@turf/meta": {
      "version": "6.5.0",
      "resolved": "https://registry.npmjs.org/@turf/meta/-/meta-6.5.0.tgz",
      "integrity": "sha512-RrArvtsV0vdsCBegoBtOalgdSOfkBrTJ07VkpiCnq/491W67hnMWmDu7e6Ztw0C3WldRYTXkg3SumfdzZxLBHA==",
      "dependencies": {
        "@turf/helpers": "^6.5.0"
      },
      "funding": {
        "url": "https://opencollective.com/turf"
      }
    },
    "node_modules/coordinate_to_country": {
      "version": "1.1.0",
      "resolved": "https://registry.npmjs.org/coordinate_to_country/-/coordinate_to_country-1.1.0.tgz",
      "integrity": "sha512-kLMIFZpnZb1W7KcJnTehWBTOLZjVnx0udZaHj8b5nN5Qmoj+mYQrWEhNm8lBDZm+r12BEIaZFhmrHgWkD6IAXQ==",
      "dependencies": {
        "@osm_borders/maritime_10m": "^1.1.0",
        "geojson-geometries-lookup": "^0.5.0"
      }
    },
    "node_modules/geojson-geometries": {
      "version": "2.0.0",
      "resolved": "https://registry.npmjs.org/geojson-geometries/-/geojson-geometries-2.0.0.tgz",
      "integrity": "sha512-HKljxKnbJrdkr7ijg5/nvcr1b81HP+C/rS48cJwRb3xEqiEynlGkRVkQ/msopw+EE3gf7DjEKdZyEGMck0bOpw==",
      "engines": {
        "node": ">=10"
      }
    },
    "node_modules/geojson-geometries-lookup": {
      "version": "0.5.0",
      "resolved": "https://registry.npmjs.org/geojson-geometries-lookup/-/geojson-geometries-lookup-0.5.0.tgz",
      "integrity": "sha512-AfadxaBda6VTwwX4USLiVofFaz0HIjubC7ZC15hGTvc8K0di3pmCNWGFotKJeURSxYPbJLFoet34X3JrIKFX4A==",
      "dependencies": {
        "@turf/bbox": "^6.0.1",
        "@turf/boolean-contains": "^6.0.1",
        "geojson-geometries": "^2.0.0",
        "rbush": "^3.0.1"
      },
      "engines": {
        "node": ">=10"
      }
    },
    "node_modules/quickselect": {
      "version": "2.0.0",
      "resolved": "https://registry.npmjs.org/quickselect/-/quickselect-2.0.0.tgz",
      "integrity": "sha512-RKJ22hX8mHe3Y6wH/N3wCM6BWtjaxIyyUIkpHOvfFnxdI4yD4tBXEBKSbriGujF6jnSVkJrffuo6vxACiSSxIw=="
    },
    "node_modules/rbush": {
      "version": "3.0.1",
      "resolved": "https://registry.npmjs.org/rbush/-/rbush-3.0.1.tgz",
      "integrity": "sha512-XRaVO0YecOpEuIvbhbpTrZgoiI6xBlz6hnlr6EHhd+0x9ase6EmeN+hdwwUaJvLcsFFQ8iWVF1GAK1yB0BWi0w==",
      "dependencies": {
        "quickselect": "^2.0.0"
      }
    }
  }
}
